
Microsoft Visual Studio Solution File, Format Version 12.00
# Visual Studio Version 17
VisualStudioVersion = 17.14.37411.7
MinimumVisualStudioVersion = 10.0.40219.1
Project("{FAE04EC0-301F-11D3-BF4B-00C04F79EFBC}") = "DataTypes1", "DataTypes1\DataTypes1.csproj", "{DD83DBC0-0846-4A88-9A22-0B2F7E32B545}"
EndProject
Project("{FAE04EC0-301F-11D3-BF4B-00C04F79EFBC}") = "DataTypes2", "DataTypes2\DataTypes2.csproj", "{01CA8DFA-E48C-4E9B-9644-DFA44DF6C9AE}"
EndProject
Project("{FAE04EC0-301F-11D3-BF4B-00C04F79EFBC}") = "OOP", "OOP\OOP.csproj", "{2291C5D9-3BBB-470D-B92C-46C4185E6157}"
EndProject
Project("{FAE04EC0-301F-11D3-BF4B-00C04F79EFBC}") = "Collections", "Collections\Collections.csproj", "{CD7FCE63-909D-498E-B07D-2426CF2574EB}"
EndProject
Project("{FAE04EC0-301F-11D3-BF4B-00C04F79EFBC}") = "DBCode", "DBCode\DBCode.csproj", "{D2956295-64CE-45BD-A0B8-A4A9A2DD6D75}"
EndProject
Project("{FAE04EC0-301F-11D3-BF4B-00C04F79EFBC}") = "FinanceWebApi", "FinanceWebApi\FinanceWebApi.csproj", "{0202CB35-08D4-F871-BBF5-C844891A87E9}"
EndProject
Project("{FAE04EC0-301F-11D3-BF4B-00C04F79EFBC}") = "FinanceDB", "FinanceDB\FinanceDB.csproj", "{2C9F277E-8F35-B97E-F5C5-117B86555FB7}"
EndProject
Global
	GlobalSection(SolutionConfigurationPlatforms) = preSolution
		Debug|Any CPU = Debug|Any CPU
		Release|Any CPU = Release|Any CPU
	EndGlobalSection
	GlobalSection(ProjectConfigurationPlatforms) = postSolution
		{DD83DBC0-0846-4A88-9A22-0B2F7E32B545}.Debug|Any CPU.ActiveCfg = Debug|Any CPU
		{DD83DBC0-0846-4A88-9A22-0B2F7E32B545}.Debug|Any CPU.Build.0 = Debug|Any CPU
		{DD83DBC0-0846-4A88-9A22-0B2F7E32B545}.Release|Any CPU.ActiveCfg = Release|Any CPU
		{DD83DBC0-0846-4A88-9A22-0B2F7E32B545}.Release|Any CPU.Build.0 = Release|Any CPU
		{01CA8DFA-E48C-4E9B-9644-DFA44DF6C9AE}.Debug|Any CPU.ActiveCfg = Debug|Any CPU
		{01CA8DFA-E48C-4E9B-9644-DFA44DF6C9AE}.Debug|Any CPU.Build.0 = Debug|Any CPU
		{01CA8DFA-E48C-4E9B-9644-DFA44DF6C9AE}.Release|Any CPU.ActiveCfg = Release|Any CPU
		{01CA8DFA-E48C-4E9B-9644-DFA44DF6C9AE}.Release|Any CPU.Build.0 = Release|Any CPU
		{2291C5D9-3BBB-470D-B92C-46C4185E6157}.Debug|Any CPU.ActiveCfg = Debug|Any CPU
		{2291C5D9-3BBB-470D-B92C-46C4185E6157}.Debug|Any CPU.Build.0 = Debug|Any CPU
		{2291C5D9-3BBB-470D-B92C-46C4185E6157}.Release|Any CPU.ActiveCfg = Release|Any CPU
		{2291C5D9-3BBB-470D-B92C-46C4185E6157}.Release|Any CPU.Build.0 = Release|Any CPU
		{CD7FCE63-909D-498E-B07D-2426CF2574EB}.Debug|Any CPU.ActiveCfg = Debug|Any CPU
		{CD7FCE63-909D-498E-B07D-2426CF2574EB}.Debug|Any CPU.Build.0 = Debug|Any CPU
		{CD7FCE63-909D-498E-B07D-2426CF2574EB}.Release|Any CPU.ActiveCfg = Release|Any CPU
		{CD7FCE63-909D-498E-B07D-2426CF2574EB}.Release|Any CPU.Build.0 = Release|Any CPU
		{D2956295-64CE-45BD-A0B8-A4A9A2DD6D75}.Debug|Any CPU.ActiveCfg = Debug|Any CPU
		{D2956295-64CE-45BD-A0B8-A4A9A2DD6D75}.Debug|Any CPU.Build.0 = Debug|Any CPU
		{D2956295-64CE-45BD-A0B8-A4A9A2DD6D75}.Release|Any CPU.ActiveCfg = Release|Any CPU
		{D2956295-64CE-45BD-A0B8-A4A9A2DD6D75}.Release|Any CPU.Build.0 = Release|Any CPU
		{0202CB35-08D4-F871-BBF5-C844891A87E9}.Debug|Any CPU.ActiveCfg = Debug|Any CPU
		{0202CB35-08D4-F871-BBF5-C844891A87E9}.Debug|Any CPU.Build.0 = Debug|Any CPU
		{0202CB35-08D4-F871-BBF5-C844891A87E9}.Release|Any CPU.ActiveCfg = Release|Any CPU
		{0202CB35-08D4-F871-BBF5-C844891A87E9}.Release|Any CPU.Build.0 = Release|Any CPU
		{2C9F277E-8F35-B97E-F5C5-117B86555FB7}.Debug|Any CPU.ActiveCfg = Debug|Any CPU
		{2C9F277E-8F35-B97E-F5C5-117B86555FB7}.Debug|Any CPU.Build.0 = Debug|Any CPU
		{2C9F277E-8F35-B97E-F5C5-117B86555FB7}.Release|Any CPU.ActiveCfg = Release|Any CPU
		{2C9F277E-8F35-B97E-F5C5-117B86555FB7}.Release|Any CPU.Build.0 = Release|Any CPU
	EndGlobalSection
	GlobalSection(SolutionProperties) = preSolution
		HideSolutionNode = FALSE
	EndGlobalSection
	GlobalSection(ExtensibilityGlobals) = postSolution
		SolutionGuid = {CB7F1339-78D9-40ED-AFD7-AC284C749904}
	EndGlobalSection
EndGlobal
